// !$*UTF8*$!
{
	archiveVersion = 1;
	classes = {
	};
	objectVersion = 56;
	objects = {

/* Begin PBXBuildFile section */
		06E63FB82FE639B400442C05 /* Models.swift in Sources */ = {isa = PBXBuildFile; fileRef = 06E63FB72FE639B300442C05 /* Models.swift */; };
		06E63FBA2FE63B0F00442C05 /* PostsViewModel.swift in Sources */ = {isa = PBXBuildFile; fileRef = 06E63FB92FE63B0F00442C05 /* PostsViewModel.swift */; };
		06E63FBC2FE63B3900442C05 /* UsersViewModel.swift in Sources */ = {isa = PBXBuildFile; fileRef = 06E63FBB2FE63B3900442C05 /* UsersViewModel.swift */; };
		06E63FBE2FE63BA500442C05 /* UsersView.swift in Sources */ = {isa = PBXBuildFile; fileRef = 06E63FBD2FE63BA500442C05 /* UsersView.swift */; };
		06E63FC02FE63BBF00442C05 /* PostsView.swift in Sources */ = {isa = PBXBuildFile; fileRef = 06E63FBF2FE63BBF00442C05 /* PostsView.swift */; };
		06F812C52FE1D3D9004CE2F0 /* _2_appApp.swift in Sources */ = {isa = PBXBuildFile; fileRef = 06F812C42FE1D3D9004CE2F0 /* _2_appApp.swift */; };
		06F812C72FE1D3D9004CE2F0 /* ContentView.swift in Sources */ = {isa = PBXBuildFile; fileRef = 06F812C62FE1D3D9004CE2F0 /* ContentView.swift */; };
		06F812C92FE1D3E4004CE2F0 /* Assets.xcassets in Resources */ = {isa = PBXBuildFile; fileRef = 06F812C82FE1D3E4004CE2F0 /* Assets.xcassets */; };
		06F812CC2FE1D3E4004CE2F0 /* Preview Assets.xcassets in Resources */ = {isa = PBXBuildFile; fileRef = 06F812CB2FE1D3E4004CE2F0 /* Preview Assets.xcassets */; };
/* End PBXBuildFile section */

/* Begin PBXFileReference section */
		063DA88D2FE606D400D22B05 /* -2-app-Info.plist */ = {isa = PBXFileReference; lastKnownFileType = text.plist; path = "-2-app-Info.plist"; sourceTree = SOURCE_ROOT; };
		06E63FB72FE639B300442C05 /* Models.swift */ = {isa = PBXFileReference; lastKnownFileType = sourcecode.swift; path = Models.swift; sourceTree = "<group>"; };
		06E63FB92FE63B0F00442C05 /* PostsViewModel.swift */ = {isa = PBXFileReference; lastKnownFileType = sourcecode.swift; path = PostsViewModel.swift; sourceTree = "<group>"; };
		06E63FBB2FE63B3900442C05 /* UsersViewModel.swift */ = {isa = PBXFileReference; lastKnownFileType = sourcecode.swift; path = UsersViewModel.swift; sourceTree = "<group>"; };
		06E63FBD2FE63BA500442C05 /* UsersView.swift */ = {isa = PBXFileReference; lastKnownFileType = sourcecode.swift; path = UsersView.swift; sourceTree = "<group>"; };
		06E63FBF2FE63BBF00442C05 /* PostsView.swift */ = {isa = PBXFileReference; lastKnownFileType = sourcecode.swift; path = PostsView.swift; sourceTree = "<group>"; };
		06F812C12FE1D3D8004CE2F0 /* 12-app.app */ = {isa = PBXFileReference; explicitFileType = wrapper.application; includeInIndex = 0; path = "12-app.app"; sourceTree = BUILT_PRODUCTS_DIR; };
		06F812C42FE1D3D9004CE2F0 /* _2_appApp.swift */ = {isa = PBXFileReference; lastKnownFileType = sourcecode.swift; path = _2_appApp.swift; sourceTree = "<group>"; };
		06F812C62FE1D3D9004CE2F0 /* ContentView.swift */ = {isa = PBXFileReference; lastKnownFileType = sourcecode.swift; path = ContentView.swift; sourceTree = "<group>"; };
		06F812C82FE1D3E4004CE2F0 /* Assets.xcassets */ = {isa = PBXFileReference; lastKnownFileType = folder.assetcatalog; path = Assets.xcassets; sourceTree = "<group>"; };
		06F812CB2FE1D3E4004CE2F0 /* Preview Assets.xcassets */ = {isa = PBXFileReference; lastKnownFileType = folder.assetcatalog; path = "Preview Assets.xcassets"; sourceTree = "<group>"; };
/* End PBXFileReference section */

/* Begin PBXFrameworksBuildPhase section */
		06F812BE2FE1D3D8004CE2F0 /* Frameworks */ = {
			isa = PBXFrameworksBuildPhase;
			buildActionMask = 2147483647;
			files = (
			);
			runOnlyForDeploymentPostprocessing = 0;
		};
/* End PBXFrameworksBuildPhase section */

/* Begin PBXGroup section */
		06F812B82FE1D3D8004CE2F0 = {
			isa = PBXGroup;
			children = (
				06F812C32FE1D3D8004CE2F0 /* 12-app */,
				06F812C22FE1D3D8004CE2F0 /* Products */,
			);
			sourceTree = "<group>";
		};
		06F812C22FE1D3D8004CE2F0 /* Products */ = {
			isa = PBXGroup;
			children = (
				06F812C12FE1D3D8004CE2F0 /* 12-app.app */,
			);
			name = Products;
			sourceTree = "<group>";
		};
		06F812C32FE1D3D8004CE2F0 /* 12-app */ = {
			isa = PBXGroup;
			children = (
				063DA88D2FE606D400D22B05 /* -2-app-Info.plist */,
				06F812C42FE1D3D9004CE2F0 /* _2_appApp.swift */,
				06F812C62FE1D3D9004CE2F0 /* ContentView.swift */,
				06F812C82FE1D3E4004CE2F0 /* Assets.xcassets */,
				06F812CA2FE1D3E4004CE2F0 /* Preview Content */,
				06E63FB72FE639B300442C05 /* Models.swift */,
				06E63FBB2FE63B3900442C05 /* UsersViewModel.swift */,
				06E63FB92FE63B0F00442C05 /* PostsViewModel.swift */,
				06E63FBD2FE63BA500442C05 /* UsersView.swift */,
				06E63FBF2FE63BBF00442C05 /* PostsView.swift */,
			);
			path = "12-app";
			sourceTree = "<group>";
		};
		06F812CA2FE1D3E4004CE2F0 /* Preview Content */ = {
			isa = PBXGroup;
			children = (
				06F812CB2FE1D3E4004CE2F0 /* Preview Assets.xcassets */,
			);
			path = "Preview Content";
			sourceTree = "<group>";
		};
/* End PBXGroup section */

/* Begin PBXNativeTarget section */
		06F812C02FE1D3D8004CE2F0 /* 12-app */ = {
			isa = PBXNativeTarget;
			buildConfigurationList = 06F812CF2FE1D3E4004CE2F0 /* Build configuration list for PBXNativeTarget "12-app" */;
			buildPhases = (
				06F812BD2FE1D3D8004CE2F0 /* Sources */,
				06F812BE2FE1D3D8004CE2F0 /* Frameworks */,
				06F812BF2FE1D3D8004CE2F0 /* Resources */,
			);
			buildRules = (
			);
			dependencies = (
			);
			name = "12-app";
			productName = "12-app";
			productReference = 06F812C12FE1D3D8004CE2F0 /* 12-app.app */;
			productType = "com.apple.product-type.application";
		};
/* End PBXNativeTarget section */

/* Begin PBXProject section */
		06F812B92FE1D3D8004CE2F0 /* Project object */ = {
			isa = PBXProject;
			attributes = {
				BuildIndependentTargetsInParallel = 1;
				LastSwiftUpdateCheck = 1420;
				LastUpgradeCheck = 1420;
				TargetAttributes = {
					06F812C02FE1D3D8004CE2F0 = {
						CreatedOnToolsVersion = 14.2;
					};
				};
			};
			buildConfigurationList = 06F812BC2FE1D3D8004CE2F0 /* Build configuration list for PBXProject "12-app" */;
			compatibilityVersion = "Xcode 14.0";
			developmentRegion = en;
			hasScannedForEncodings = 0;
			knownRegions = (
				en,
				Base,
			);
			mainGroup = 06F812B82FE1D3D8004CE2F0;
			productRefGroup = 06F812C22FE1D3D8004CE2F0 /* Products */;
			projectDirPath = "";
			projectRoot = "";
			targets = (
				06F812C02FE1D3D8004CE2F0 /* 12-app */,
			);
		};
/* End PBXProject section */

/* Begin PBXResourcesBuildPhase section */
		06F812BF2FE1D3D8004CE2F0 /* Resources */ = {
			isa = PBXResourcesBuildPhase;
			buildActionMask = 2147483647;
			files = (
				06F812CC2FE1D3E4004CE2F0 /* Preview Assets.xcassets in Resources */,
				06F812C92FE1D3E4004CE2F0 /* Assets.xcassets in Resources */,
			);
			runOnlyForDeploymentPostprocessing = 0;
		};
/* End PBXResourcesBuildPhase section */

/* Begin PBXSourcesBuildPhase section */
		06F812BD2FE1D3D8004CE2F0 /* Sources */ = {
			isa = PBXSourcesBuildPhase;
			buildActionMask = 2147483647;
			files = (
				06E63FC02FE63BBF00442C05 /* PostsView.swift in Sources */,
				06E63FBA2FE63B0F00442C05 /* PostsViewModel.swift in Sources */,
				06E63FB82FE639B400442C05 /* Models.swift in Sources */,
				06F812C72FE1D3D9004CE2F0 /* ContentView.swift in Sources */,
				06F812C52FE1D3D9004CE2F0 /* _2_appApp.swift in Sources */,
				06E63FBC2FE63B3900442C05 /* UsersViewModel.swift in Sources */,
				06E63FBE2FE63BA500442C05 /* UsersView.swift in Sources */,
			);
			runOnlyForDeploymentPostprocessing = 0;
		};
/* End PBXSourcesBuildPhase section */

/* Begin XCBuildConfiguration section */
		06F812CD2FE1D3E4004CE2F0 /* Debug */ = {
			isa = XCBuildConfiguration;
			buildSettings = {
				ALWAYS_SEARCH_USER_PATHS = NO;
				CLANG_ANALYZER_NONNULL = YES;
				CLANG_ANALYZER_NUMBER_OBJECT_CONVERSION = YES_AGGRESSIVE;
				CLANG_CXX_LANGUAGE_STANDARD = "gnu++20";
				CLANG_ENABLE_MODULES = YES;
				CLANG_ENABLE_OBJC_ARC = YES;
				CLANG_ENABLE_OBJC_WEAK = YES;
				CLANG_WARN_BLOCK_CAPTURE_AUTORELEASING = YES;
				CLANG_WARN_BOOL_CONVERSION = YES;
				CLANG_WARN_COMMA = YES;
				CLANG_WARN_CONSTANT_CONVERSION = YES;
				CLANG_WARN_DEPRECATED_OBJC_IMPLEMENTATIONS = YES;
				CLANG_WARN_DIRECT_OBJC_ISA_USAGE = YES_ERROR;
				CLANG_WARN_DOCUMENTATION_COMMENTS = YES;
				CLANG_WARN_EMPTY_BODY = YES;
				CLANG_WARN_ENUM_CONVERSION = YES;
				CLANG_WARN_INFINITE_RECURSION = YES;
				CLANG_WARN_INT_CONVERSION = YES;
				CLANG_WARN_NON_LITERAL_NULL_CONVERSION = YES;
				CLANG_WARN_OBJC_IMPLICIT_RETAIN_SELF = YES;
				CLANG_WARN_OBJC_LITERAL_CONVERSION = YES;
				CLANG_WARN_OBJC_ROOT_CLASS = YES_ERROR;
				CLANG_WARN_QUOTED_INCLUDE_IN_FRAMEWORK_HEADER = YES;
				CLANG_WARN_RANGE_LOOP_ANALYSIS = YES;
				CLANG_WARN_STRICT_PROTOTYPES = YES;
				CLANG_WARN_SUSPICIOUS_MOVE = YES;
				CLANG_WARN_UNGUARDED_AVAILABILITY = YES_AGGRESSIVE;
				CLANG_WARN_UNREACHABLE_CODE = YES;
				CLANG_WARN__DUPLICATE_METHOD_MATCH = YES;
				COPY_PHASE_STRIP = NO;
				DEBUG_INFORMATION_FORMAT = dwarf;
				ENABLE_STRICT_OBJC_MSGSEND = YES;
				ENABLE_TESTABILITY = YES;
				GCC_C_LANGUAGE_STANDARD = gnu11;
				GCC_DYNAMIC_NO_PIC = NO;
				GCC_NO_COMMON_BLOCKS = YES;
				GCC_OPTIMIZATION_LEVEL = 0;
				GCC_PREPROCESSOR_DEFINITIONS = (
					"DEBUG=1",
					"$(inherited)",
				);
				GCC_WARN_64_TO_32_BIT_CONVERSION = YES;
				GCC_WARN_ABOUT_RETURN_TYPE = YES_ERROR;
				GCC_WARN_UNDECLARED_SELECTOR = YES;
				GCC_WARN_UNINITIALIZED_AUTOS = YES_AGGRESSIVE;
				GCC_WARN_UNUSED_FUNCTION = YES;
				GCC_WARN_UNUSED_VARIABLE = YES;
				IPHONEOS_DEPLOYMENT_TARGET = 16.2;
				MTL_ENABLE_DEBUG_INFO = INCLUDE_SOURCE;
				MTL_FAST_MATH = YES;
				ONLY_ACTIVE_ARCH = YES;
				SDKROOT = iphoneos;
				SWIFT_ACTIVE_COMPILATION_CONDITIONS = DEBUG;
				SWIFT_OPTIMIZATION_LEVEL = "-Onone";
			};
			name = Debug;
		};
		06F812CE2FE1D3E4004CE2F0 /* Release */ = {
			isa = XCBuildConfiguration;
			buildSettings = {
				ALWAYS_SEARCH_USER_PATHS = NO;
				CLANG_ANALYZER_NONNULL = YES;
				CLANG_ANALYZER_NUMBER_OBJECT_CONVERSION = YES_AGGRESSIVE;
				CLANG_CXX_LANGUAGE_STANDARD = "gnu++20";
				CLANG_ENABLE_MODULES = YES;
				CLANG_ENABLE_OBJC_ARC = YES;
				CLANG_ENABLE_OBJC_WEAK = YES;
				CLANG_WARN_BLOCK_CAPTURE_AUTORELEASING = YES;
				CLANG_WARN_BOOL_CONVERSION = YES;
				CLANG_WARN_COMMA = YES;
				CLANG_WARN_CONSTANT_CONVERSION = YES;
				CLANG_WARN_DEPRECATED_OBJC_IMPLEMENTATIONS = YES;
				CLANG_WARN_DIRECT_OBJC_ISA_USAGE = YES_ERROR;
				CLANG_WARN_DOCUMENTATION_COMMENTS = YES;
				CLANG_WARN_EMPTY_BODY = YES;
				CLANG_WARN_ENUM_CONVERSION = YES;
				CLANG_WARN_INFINITE_RECURSION = YES;
				CLANG_WARN_INT_CONVERSION = YES;
				CLANG_WARN_NON_LITERAL_NULL_CONVERSION = YES;
				CLANG_WARN_OBJC_IMPLICIT_RETAIN_SELF = YES;
				CLANG_WARN_OBJC_LITERAL_CONVERSION = YES;
				CLANG_WARN_OBJC_ROOT_CLASS = YES_ERROR;
				CLANG_WARN_QUOTED_INCLUDE_IN_FRAMEWORK_HEADER = YES;
				CLANG_WARN_RANGE_LOOP_ANALYSIS = YES;
				CLANG_WARN_STRICT_PROTOTYPES = YES;
				CLANG_WARN_SUSPICIOUS_MOVE = YES;
				CLANG_WARN_UNGUARDED_AVAILABILITY = YES_AGGRESSIVE;
				CLANG_WARN_UNREACHABLE_CODE = YES;
				CLANG_WARN__DUPLICATE_METHOD_MATCH = YES;
				COPY_PHASE_STRIP = NO;
				DEBUG_INFORMATION_FORMAT = "dwarf-with-dsym";
				ENABLE_NS_ASSERTIONS = NO;
				ENABLE_STRICT_OBJC_MSGSEND = YES;
				GCC_C_LANGUAGE_STANDARD = gnu11;
				GCC_NO_COMMON_BLOCKS = YES;
				GCC_WARN_64_TO_32_BIT_CONVERSION = YES;
				GCC_WARN_ABOUT_RETURN_TYPE = YES_ERROR;
				GCC_WARN_UNDECLARED_SELECTOR = YES;
				GCC_WARN_UNINITIALIZED_AUTOS = YES_AGGRESSIVE;
				GCC_WARN_UNUSED_FUNCTION = YES;
				GCC_WARN_UNUSED_VARIABLE = YES;
				IPHONEOS_DEPLOYMENT_TARGET = 16.2;
				MTL_ENABLE_DEBUG_INFO = NO;
				MTL_FAST_MATH = YES;
				SDKROOT = iphoneos;
				SWIFT_COMPILATION_MODE = wholemodule;
				SWIFT_OPTIMIZATION_LEVEL = "-O";
				VALIDATE_PRODUCT = YES;
			};
			name = Release;
		};
		06F812D02FE1D3E4004CE2F0 /* Debug */ = {
			isa = XCBuildConfiguration;
			buildSettings = {
				ASSETCATALOG_COMPILER_APPICON_NAME = AppIcon;
				ASSETCATALOG_COMPILER_GLOBAL_ACCENT_COLOR_NAME = AccentColor;
				CODE_SIGN_STYLE = Automatic;
				CURRENT_PROJECT_VERSION = 1;
				DEVELOPMENT_ASSET_PATHS = "\"12-app/Preview Content\"";
				ENABLE_PREVIEWS = YES;
				GENERATE_INFOPLIST_FILE = YES;
				INFOPLIST_FILE = "-2-app-Info.plist";
				INFOPLIST_KEY_UIApplicationSupportsIndirectInputEvents = YES;
				INFOPLIST_KEY_UILaunchScreen_Generation = YES;
				INFOPLIST_KEY_UISupportedInterfaceOrientations_iPad = "UIInterfaceOrientationPortrait UIInterfaceOrientationPortraitUpsideDown UIInterfaceOrientationLandscapeLeft UIInterfaceOrientationLandscapeRight";
				INFOPLIST_KEY_UISupportedInterfaceOrientations_iPhone = "UIInterfaceOrientationPortrait UIInterfaceOrientationLandscapeLeft UIInterfaceOrientationLandscapeRight";
				LD_RUNPATH_SEARCH_PATHS = (
					"$(inherited)",
					"@executable_path/Frameworks",
				);
				MARKETING_VERSION = 1.0;
				PRODUCT_BUNDLE_IDENTIFIER = "team.-2-app";
				PRODUCT_NAME = "$(TARGET_NAME)";
				SWIFT_EMIT_LOC_STRINGS = YES;
				SWIFT_VERSION = 5.0;
				TARGETED_DEVICE_FAMILY = "1,2";
			};
			name = Debug;
		};
		06F812D12FE1D3E4004CE2F0 /* Release */ = {
			isa = XCBuildConfiguration;
			buildSettings = {
				ASSETCATALOG_COMPILER_APPICON_NAME = AppIcon;
				ASSETCATALOG_COMPILER_GLOBAL_ACCENT_COLOR_NAME = AccentColor;
				CODE_SIGN_STYLE = Automatic;
				CURRENT_PROJECT_VERSION = 1;
				DEVELOPMENT_ASSET_PATHS = "\"12-app/Preview Content\"";
				ENABLE_PREVIEWS = YES;
				GENERATE_INFOPLIST_FILE = YES;
				INFOPLIST_FILE = "-2-app-Info.plist";
				INFOPLIST_KEY_UIApplicationSupportsIndirectInputEvents = YES;
				INFOPLIST_KEY_UILaunchScreen_Generation = YES;
				INFOPLIST_KEY_UISupportedInterfaceOrientations_iPad = "UIInterfaceOrientationPortrait UIInterfaceOrientationPortraitUpsideDown UIInterfaceOrientationLandscapeLeft UIInterfaceOrientationLandscapeRight";
				INFOPLIST_KEY_UISupportedInterfaceOrientations_iPhone = "UIInterfaceOrientationPortrait UIInterfaceOrientationLandscapeLeft UIInterfaceOrientationLandscapeRight";
				LD_RUNPATH_SEARCH_PATHS = (
					"$(inherited)",
					"@executable_path/Frameworks",
				);
				MARKETING_VERSION = 1.0;
				PRODUCT_BUNDLE_IDENTIFIER = "team.-2-app";
				PRODUCT_NAME = "$(TARGET_NAME)";
				SWIFT_EMIT_LOC_STRINGS = YES;
				SWIFT_VERSION = 5.0;
				TARGETED_DEVICE_FAMILY = "1,2";
			};
			name = Release;
		};
/* End XCBuildConfiguration section */

/* Begin XCConfigurationList section */
		06F812BC2FE1D3D8004CE2F0 /* Build configuration list for PBXProject "12-app" */ = {
			isa = XCConfigurationList;
			buildConfigurations = (
				06F812CD2FE1D3E4004CE2F0 /* Debug */,
				06F812CE2FE1D3E4004CE2F0 /* Release */,
			);
			defaultConfigurationIsVisible = 0;
			defaultConfigurationName = Release;
		};
		06F812CF2FE1D3E4004CE2F0 /* Build configuration list for PBXNativeTarget "12-app" */ = {
			isa = XCConfigurationList;
			buildConfigurations = (
				06F812D02FE1D3E4004CE2F0 /* Debug */,
				06F812D12FE1D3E4004CE2F0 /* Release */,
			);
			defaultConfigurationIsVisible = 0;
			defaultConfigurationName = Release;
		};
/* End XCConfigurationList section */
	};
	rootObject = 06F812B92FE1D3D8004CE2F0 /* Project object */;
}
